<?xml version="1.0" encoding="utf-8"?>
<Project ToolsVersion="4.0" xmlns="http://schemas.microsoft.com/developer/msbuild/2003">
  <ItemGroup>
    <Filter Include="Source Files">
      <UniqueIdentifier>{4FC737F1-C7A5-4376-A066-2A32D752A2FF}</UniqueIdentifier>
      <Extensions>cpp;c;cc;cxx;def;odl;idl;hpj;bat;asm;asmx</Extensions>
    </Filter>
    <Filter Include="Header Files">
      <UniqueIdentifier>{93995380-89BD-4b04-88EB-625FBE52EBFB}</UniqueIdentifier>
      <Extensions>h;hh;hpp;hxx;hm;inl;inc;ipp;xsd</Extensions>
    </Filter>
    <Filter Include="Resource Files">
      <UniqueIdentifier>{67DA6AB6-F800-4c08-8B7A-83BB121AAD01}</UniqueIdentifier>
      <Extensions>rc;ico;cur;bmp;dlg;rc2;rct;bin;rgs;gif;jpg;jpeg;jpe;resx;tiff;tif;png;wav;mfcribbon-ms</Extensions>
    </Filter>
    <Filter Include="Assembly Files">
      <UniqueIdentifier>{373b4125-dde7-4231-a08c-38a586dadab7}</UniqueIdentifier>
    </Filter>
    <Filter Include="Source Files\Module Hui">
      <UniqueIdentifier>{6d3fed81-f550-4a57-8ef9-cb382950770e}</UniqueIdentifier>
    </Filter>
    <Filter Include="Source Files\Module EDF">
      <UniqueIdentifier>{8b4732d8-02c6-4566-991b-71828a61863d}</UniqueIdentifier>
    </Filter>
    <Filter Include="Source Files\Module Enemy">
      <UniqueIdentifier>{8ca8c9b5-89a0-4b4e-9c62-c763300a16dd}</UniqueIdentifier>
    </Filter>
    <Filter Include="Source Files\Module EDF\Weapon">
      <UniqueIdentifier>{00d400b0-2b0f-48e9-b844-8182c41e8b84}</UniqueIdentifier>
    </Filter>
    <Filter Include="Source Files\Module EDF\Vehicle">
      <UniqueIdentifier>{a7b50032-9465-452d-9f13-e272bcb03af0}</UniqueIdentifier>
    </Filter>
    <Filter Include="Source Files\Module Hui\ToFui">
      <UniqueIdentifier>{9e2c928b-cca9-49ab-82fd-8c8ec63fe492}</UniqueIdentifier>
    </Filter>
    <Filter Include="Source Files\Module Hui\ToFui\imgui">
      <UniqueIdentifier>{9151c334-89da-40cc-9db9-65f24c593504}</UniqueIdentifier>
    </Filter>
    <Filter Include="Source Files\Module Hui\ToFui\DirectXTK">
      <UniqueIdentifier>{ecfc33e1-13c3-4521-a01a-2eb20075d20e}</UniqueIdentifier>
    </Filter>
    <Filter Include="Source Files\Base">
      <UniqueIdentifier>{47b34149-d001-4de8-a6ec-1b39d645d72d}</UniqueIdentifier>
    </Filter>
    <Filter Include="Source Files\Module Hui\main">
      <UniqueIdentifier>{e797cec0-e245-4766-90f9-0cee820f56af}</UniqueIdentifier>
    </Filter>
    <Filter Include="Source Files\Module Hui\ToFui\main">
      <UniqueIdentifier>{ee738af6-a28e-4e90-9715-35e8395bbe12}</UniqueIdentifier>
    </Filter>
    <Filter Include="Source Files\Module EDF\main">
      <UniqueIdentifier>{07132a02-9bbe-4123-8111-8d445afce34d}</UniqueIdentifier>
    </Filter>
  </ItemGroup>
  <ItemGroup>
    <ClCompile Include="dllmain.cpp">
      <Filter>Source Files</Filter>
    </ClCompile>
    <ClCompile Include="..\HookLib\HookLib\HookLib\HookLib.c">
      <Filter>Source Files</Filter>
    </ClCompile>
    <ClCompile Include="proxy.c">
      <Filter>Source Files</Filter>
    </ClCompile>
    <ClCompile Include="utiliy.cpp">
      <Filter>Source Files</Filter>
    </ClCompile>
    <ClCompile Include="GameFuncSetup.cpp">
      <Filter>Source Files</Filter>
    </ClCompile>
    <ClCompile Include="GameFunc.cpp">
      <Filter>Source Files</Filter>
    </ClCompile>
    <ClCompile Include="GameFunc_vftable.cpp">
      <Filter>Source Files</Filter>
    </ClCompile>
    <ClCompile Include="GameFuncStartup.cpp">
      <Filter>Source Files</Filter>
    </ClCompile>
    <ClCompile Include="GameFunc_Mission.cpp">
      <Filter>Source Files</Filter>
    </ClCompile>
    <ClCompile Include="zEnemy\EnemyHook_GiantAnt.cpp">
      <Filter>Source Files\Module Enemy</Filter>
    </ClCompile>
    <ClCompile Include="zEDF\Weapon\XGS_Weapon_RadioContact.cpp">
      <Filter>Source Files\Module EDF\Weapon</Filter>
    </ClCompile>
    <ClCompile Include="zEDF\Weapon\XGS_Weapon_LaserMarkerCallFire.cpp">
      <Filter>Source Files\Module EDF\Weapon</Filter>
    </ClCompile>
    <ClCompile Include="zEnemy\EnemyHook_Common.cpp">
      <Filter>Source Files\Module Enemy</Filter>
    </ClCompile>
    <ClCompile Include="zEnemy\EnemyHook_BigNest.cpp">
      <Filter>Source Files\Module Enemy</Filter>
    </ClCompile>
    <ClCompile Include="zEDF\Vehicle\XGS_VehicleBegaruta.cpp">
      <Filter>Source Files\Module EDF\Vehicle</Filter>
    </ClCompile>
    <ClCompile Include="zHui\ToGui\imgui\imgui.cpp">
      <Filter>Source Files\Module Hui\ToFui\imgui</Filter>
    </ClCompile>
    <ClCompile Include="zHui\ToGui\imgui\backends\imgui_impl_dx11.cpp">
      <Filter>Source Files\Module Hui\ToFui\imgui</Filter>
    </ClCompile>
    <ClCompile Include="zHui\ToGui\imgui\backends\imgui_impl_win32.cpp">
      <Filter>Source Files\Module Hui\ToFui\imgui</Filter>
    </ClCompile>
    <ClCompile Include="zHui\ToGui\imgui\imgui_demo.cpp">
      <Filter>Source Files\Module Hui\ToFui\imgui</Filter>
    </ClCompile>
    <ClCompile Include="zHui\ToGui\imgui\imgui_draw.cpp">
      <Filter>Source Files\Module Hui\ToFui\imgui</Filter>
    </ClCompile>
    <ClCompile Include="zHui\ToGui\imgui\imgui_tables.cpp">
      <Filter>Source Files\Module Hui\ToFui\imgui</Filter>
    </ClCompile>
    <ClCompile Include="zHui\ToGui\imgui\imgui_widgets.cpp">
      <Filter>Source Files\Module Hui\ToFui\imgui</Filter>
    </ClCompile>
    <ClCompile Include="zHui\ToGui\DirectXTK\BinaryReader.cpp">
      <Filter>Source Files\Module Hui\ToFui\DirectXTK</Filter>
    </ClCompile>
    <ClCompile Include="zHui\ToGui\DirectXTK\BufferHelpers.cpp">
      <Filter>Source Files\Module Hui\ToFui\DirectXTK</Filter>
    </ClCompile>
    <ClCompile Include="zHui\ToGui\DirectXTK\CommonStates.cpp">
      <Filter>Source Files\Module Hui\ToFui\DirectXTK</Filter>
    </ClCompile>
    <ClCompile Include="zHui\ToGui\DirectXTK\DDSTextureLoader.cpp">
      <Filter>Source Files\Module Hui\ToFui\DirectXTK</Filter>
    </ClCompile>
    <ClCompile Include="zHui\ToGui\DirectXTK\DirectXHelpers.cpp">
      <Filter>Source Files\Module Hui\ToFui\DirectXTK</Filter>
    </ClCompile>
    <ClCompile Include="zHui\ToGui\DirectXTK\EffectCommon.cpp">
      <Filter>Source Files\Module Hui\ToFui\DirectXTK</Filter>
    </ClCompile>
    <ClCompile Include="zHui\ToGui\DirectXTK\GamePad.cpp">
      <Filter>Source Files\Module Hui\ToFui\DirectXTK</Filter>
    </ClCompile>
    <ClCompile Include="zHui\ToGui\DirectXTK\Geometry.cpp">
      <Filter>Source Files\Module Hui\ToFui\DirectXTK</Filter>
    </ClCompile>
    <ClCompile Include="zHui\ToGui\DirectXTK\GraphicsMemory.cpp">
      <Filter>Source Files\Module Hui\ToFui\DirectXTK</Filter>
    </ClCompile>
    <ClCompile Include="zHui\ToGui\DirectXTK\Keyboard.cpp">
      <Filter>Source Files\Module Hui\ToFui\DirectXTK</Filter>
    </ClCompile>
    <ClCompile Include="zHui\ToGui\DirectXTK\Mouse.cpp">
      <Filter>Source Files\Module Hui\ToFui\DirectXTK</Filter>
    </ClCompile>
    <ClCompile Include="zHui\ToGui\DirectXTK\pch.cpp">
      <Filter>Source Files\Module Hui\ToFui\DirectXTK</Filter>
    </ClCompile>
    <ClCompile Include="zHui\ToGui\DirectXTK\PrimitiveBatch.cpp">
      <Filter>Source Files\Module Hui\ToFui\DirectXTK</Filter>
    </ClCompile>
    <ClCompile Include="zHui\ToGui\DirectXTK\SimpleMath.cpp">
      <Filter>Source Files\Module Hui\ToFui\DirectXTK</Filter>
    </ClCompile>
    <ClCompile Include="zHui\ToGui\DirectXTK\VertexTypes.cpp">
      <Filter>Source Files\Module Hui\ToFui\DirectXTK</Filter>
    </ClCompile>
    <ClCompile Include="Base\g_system.cpp">
      <Filter>Source Files\Base</Filter>
    </ClCompile>
    <ClCompile Include="Base\g_gameFunc.cpp">
      <Filter>Source Files\Base</Filter>
    </ClCompile>
    <ClCompile Include="zHui\0HuiAddImGui.cpp">
      <Filter>Source Files\Module Hui\main</Filter>
    </ClCompile>
    <ClCompile Include="zHui\HuiCasController.cpp">
      <Filter>Source Files\Module Hui\main</Filter>
    </ClCompile>
    <ClCompile Include="zHui\HUiHudCommonStruct.cpp">
      <Filter>Source Files\Module Hui\main</Filter>
    </ClCompile>
    <ClCompile Include="zHui\HuiModConsole.cpp">
      <Filter>Source Files\Module Hui\main</Filter>
    </ClCompile>
    <ClCompile Include="zHui\HuiMoreCharacterModel.cpp">
      <Filter>Source Files\Module Hui\main</Filter>
    </ClCompile>
    <ClCompile Include="zHui\HuiObjectClass.cpp">
      <Filter>Source Files\Module Hui\main</Filter>
    </ClCompile>
    <ClCompile Include="zHui\ToGui\0DigitCommon.cpp">
      <Filter>Source Files\Module Hui\ToFui\main</Filter>
    </ClCompile>
    <ClCompile Include="zHui\ToGui\0GetDXGI.cpp">
      <Filter>Source Files\Module Hui\ToFui\main</Filter>
    </ClCompile>
    <ClCompile Include="zHui\ToGui\0SetImGui.cpp">
      <Filter>Source Files\Module Hui\ToFui\main</Filter>
    </ClCompile>
    <ClCompile Include="zHui\ToGui\1DigitRenderer.cpp">
      <Filter>Source Files\Module Hui\ToFui\main</Filter>
    </ClCompile>
    <ClCompile Include="zHui\ToGui\1DigitProcessor.cpp">
      <Filter>Source Files\Module Hui\ToFui\main</Filter>
    </ClCompile>
    <ClCompile Include="zEDF\EDFAmmoFunction.cpp">
      <Filter>Source Files\Module EDF\main</Filter>
    </ClCompile>
    <ClCompile Include="zEDF\EDFbaseParameterSet.cpp">
      <Filter>Source Files\Module EDF\main</Filter>
    </ClCompile>
    <ClCompile Include="zEDF\EDFCommonFunction.cpp">
      <Filter>Source Files\Module EDF\main</Filter>
    </ClCompile>
    <ClCompile Include="zEDF\EDFWeaponFunction.cpp">
      <Filter>Source Files\Module EDF\main</Filter>
    </ClCompile>
    <ClCompile Include="Base\base_baseObject.cpp">
      <Filter>Source Files\Base</Filter>
    </ClCompile>
    <ClCompile Include="zHui\ToGui\HUiHudPowerGuage.cpp">
      <Filter>Source Files\Module Hui\ToFui\main</Filter>
    </ClCompile>
    <ClCompile Include="zHui\ToGui\2ReadINIConfig.cpp">
      <Filter>Source Files\Module Hui\ToFui\main</Filter>
    </ClCompile>
    <ClCompile Include="zHui\ToGui\HUiHudWeapon.cpp">
      <Filter>Source Files\Module Hui\ToFui\main</Filter>
    </ClCompile>
    <ClCompile Include="zHui\ToGui\2SubtitleRenderer.cpp">
      <Filter>Source Files\Module Hui\ToFui\main</Filter>
    </ClCompile>
    <ClCompile Include="zEDF\Weapon\XGS_WeaponBase.cpp">
      <Filter>Source Files\Module EDF\Weapon</Filter>
    </ClCompile>
    <ClCompile Include="zEDF\Weapon\XGS_Weapon_Throw.cpp">
      <Filter>Source Files\Module EDF\Weapon</Filter>
    </ClCompile>
  </ItemGroup>
  <ItemGroup>
    <MASM Include="ASMgamelog_hook.asm">
      <Filter>Assembly Files</Filter>
    </MASM>
    <MASM Include="ASMweaponOtherSet.asm">
      <Filter>Assembly Files</Filter>
    </MASM>
    <MASM Include="ASMCallGameFunction.asm">
      <Filter>Assembly Files</Filter>
    </MASM>
    <MASM Include="ASMplayerViewChange.asm">
      <Filter>Assembly Files</Filter>
    </MASM>
    <MASM Include="ASMxgsOCmonster501.asm">
      <Filter>Assembly Files</Filter>
    </MASM>
    <MASM Include="ASMhookGameSystem.asm">
      <Filter>Assembly Files</Filter>
    </MASM>
    <MASM Include="ASMxgsWGatling.asm">
      <Filter>Assembly Files</Filter>
    </MASM>
    <MASM Include="ASMxgsOCgiantSpider.asm">
      <Filter>Assembly Files</Filter>
    </MASM>
    <MASM Include="ASMxgsOCgiantBee.asm">
      <Filter>Assembly Files</Filter>
    </MASM>
    <MASM Include="ASMammoSolidExpBullet01.asm">
      <Filter>Assembly Files</Filter>
    </MASM>
    <MASM Include="ASMxgsOCdragonSmall.asm">
      <Filter>Assembly Files</Filter>
    </MASM>
    <MASM Include="ASMammoSolidBullet01.asm">
      <Filter>Assembly Files</Filter>
    </MASM>
    <MASM Include="ASMammoLaserBullet02.asm">
      <Filter>Assembly Files</Filter>
    </MASM>
    <MASM Include="ASMammoLaserBullet01.asm">
      <Filter>Assembly Files</Filter>
    </MASM>
    <MASM Include="ASMammoInsectBullet.asm">
      <Filter>Assembly Files</Filter>
    </MASM>
    <MASM Include="ASMammoMissileBullet01.asm">
      <Filter>Assembly Files</Filter>
    </MASM>
    <MASM Include="ASMammoRocketBullet01.asm">
      <Filter>Assembly Files</Filter>
    </MASM>
    <MASM Include="ASMammoSolidPelletBullet01.asm">
      <Filter>Assembly Files</Filter>
    </MASM>
    <MASM Include="ASMxgsWHeavyShoot.asm">
      <Filter>Assembly Files</Filter>
    </MASM>
    <MASM Include="ASMvftShotIndicator.asm">
      <Filter>Assembly Files</Filter>
    </MASM>
    <MASM Include="ASMgameStartup.asm">
      <Filter>Assembly Files</Filter>
    </MASM>
    <MASM Include="ASMammoSentryGunBullet01.asm">
      <Filter>Assembly Files</Filter>
    </MASM>
    <MASM Include="ASMhookMissionSeries.asm">
      <Filter>Assembly Files</Filter>
    </MASM>
    <MASM Include="zEnemy\ASMxgsGiantAnt.asm">
      <Filter>Source Files\Module Enemy</Filter>
    </MASM>
    <MASM Include="zEDF\Weapon\XGS_Weapon_RadioContactASM.asm">
      <Filter>Source Files\Module EDF\Weapon</Filter>
    </MASM>
    <MASM Include="zEDF\Weapon\XGS_Weapon_LaserMarkerCallFireASM.asm">
      <Filter>Source Files\Module EDF\Weapon</Filter>
    </MASM>
    <MASM Include="zEnemy\ASMxgsBigNest.asm">
      <Filter>Source Files\Module Enemy</Filter>
    </MASM>
    <MASM Include="zEnemy\ASMxgsGeneratorPoll_Destroy.asm">
      <Filter>Source Files\Module Enemy</Filter>
    </MASM>
    <MASM Include="zEDF\Vehicle\ASMxgsVehicleBegaruta.asm">
      <Filter>Source Files\Module EDF\Vehicle</Filter>
    </MASM>
    <MASM Include="zHui\0HuiAddImGuiASM.asm">
      <Filter>Source Files\Module Hui\main</Filter>
    </MASM>
    <MASM Include="zHui\HuiModConsoleASM.asm">
      <Filter>Source Files\Module Hui\main</Filter>
    </MASM>
    <MASM Include="zHui\HuiMoreCharacterModelASM.asm">
      <Filter>Source Files\Module Hui\main</Filter>
    </MASM>
    <MASM Include="zHui\HuiObjectClassASM.asm">
      <Filter>Source Files\Module Hui\main</Filter>
    </MASM>
    <MASM Include="zEDF\ASMammoSmokeCandleBullet.asm">
      <Filter>Source Files\Module EDF\main</Filter>
    </MASM>
    <MASM Include="zEDF\ASMEDFCommonFunction.asm">
      <Filter>Source Files\Module EDF\main</Filter>
    </MASM>
    <MASM Include="zEDF\ASMxgsArmySoldier.asm">
      <Filter>Source Files\Module EDF\main</Filter>
    </MASM>
    <MASM Include="zEDF\ASMxgsHeavyArmor.asm">
      <Filter>Source Files\Module EDF\main</Filter>
    </MASM>
    <MASM Include="zEDF\ASMxgsPaleWing.asm">
      <Filter>Source Files\Module EDF\main</Filter>
    </MASM>
    <MASM Include="zEDF\ASMxgsVehicle501FortressRobo.asm">
      <Filter>Source Files\Module EDF\main</Filter>
    </MASM>
    <MASM Include="zHui\ToGui\HUiHudPowerGuageASM.asm">
      <Filter>Source Files\Module Hui\ToFui\main</Filter>
    </MASM>
    <MASM Include="zHui\ToGui\0GetDXGIASM.asm">
      <Filter>Source Files\Module Hui\ToFui\main</Filter>
    </MASM>
    <MASM Include="zHui\ToGui\HUiHudWeaponASM.asm">
      <Filter>Source Files\Module Hui\ToFui\main</Filter>
    </MASM>
    <MASM Include="zHui\ToGui\2SubtitleRendererASM.asm">
      <Filter>Source Files\Module Hui\ToFui\main</Filter>
    </MASM>
    <MASM Include="zEDF\Weapon\XGS_WeaponBaseASM.asm">
      <Filter>Source Files\Module EDF\Weapon</Filter>
    </MASM>
    <MASM Include="zEDF\Weapon\XGS_Weapon_ThrowASM.asm">
      <Filter>Source Files\Module EDF\Weapon</Filter>
    </MASM>
  </ItemGroup>
  <ItemGroup>
    <ClInclude Include="PluginAPI.h">
      <Filter>Header Files</Filter>
    </ClInclude>
    <ClInclude Include="LoggerTweaks.h">
      <Filter>Header Files</Filter>
    </ClInclude>
    <ClInclude Include="CommonData.h">
      <Filter>Header Files</Filter>
    </ClInclude>
    <ClInclude Include="utiliy.h">
      <Filter>Source Files</Filter>
    </ClInclude>
    <ClInclude Include="proxy.h">
      <Filter>Source Files</Filter>
    </ClInclude>
    <ClInclude Include="..\HookLib\HookLib\HookLib\HookLib.h">
      <Filter>Source Files</Filter>
    </ClInclude>
    <ClInclude Include="GameFuncSetup.h">
      <Filter>Source Files</Filter>
    </ClInclude>
    <ClInclude Include="GameFunc.h">
      <Filter>Source Files</Filter>
    </ClInclude>
    <ClInclude Include="EDFPointerStruct.hpp">
      <Filter>Header Files</Filter>
    </ClInclude>
    <ClInclude Include="commonNOP.h">
      <Filter>Header Files</Filter>
    </ClInclude>
    <ClInclude Include="GameFunc_vftable.h">
      <Filter>Source Files</Filter>
    </ClInclude>
    <ClInclude Include="GameFunctionInASM.h">
      <Filter>Header Files</Filter>
    </ClInclude>
    <ClInclude Include="Resource\snd_ShotIndicatorCircle.h">
      <Filter>Resource Files</Filter>
    </ClInclude>
    <ClInclude Include="Resource\LoadShaders.hpp">
      <Filter>Resource Files</Filter>
    </ClInclude>
    <ClInclude Include="GameFuncStartup.h">
      <Filter>Source Files</Filter>
    </ClInclude>
    <ClInclude Include="LoadModule.hpp">
      <Filter>Source Files</Filter>
    </ClInclude>
    <ClInclude Include="CommonCustomStructure.hpp">
      <Filter>Header Files</Filter>
    </ClInclude>
    <ClInclude Include="GameFunc_Mission.h">
      <Filter>Source Files</Filter>
    </ClInclude>
    <ClInclude Include="zEnemy\EnemyHook_GiantAnt.h">
      <Filter>Source Files\Module Enemy</Filter>
    </ClInclude>
    <ClInclude Include="zEDF\Weapon\XGS_Weapon_RadioContact.h">
      <Filter>Source Files\Module EDF\Weapon</Filter>
    </ClInclude>
    <ClInclude Include="zEDF\Weapon\XGS_Weapon_LaserMarkerCallFire.h">
      <Filter>Source Files\Module EDF\Weapon</Filter>
    </ClInclude>
    <ClInclude Include="zEnemy\EnemyHook_Common.h">
      <Filter>Source Files\Module Enemy</Filter>
    </ClInclude>
    <ClInclude Include="zEnemy\EnemyHook_BigNest.h">
      <Filter>Source Files\Module Enemy</Filter>
    </ClInclude>
    <ClInclude Include="zEDF\Vehicle\XGS_VehicleBegaruta.h">
      <Filter>Source Files\Module EDF\Vehicle</Filter>
    </ClInclude>
    <ClInclude Include="zHui\ToGui\imgui\imgui.h">
      <Filter>Source Files\Module Hui\ToFui\imgui</Filter>
    </ClInclude>
    <ClInclude Include="zHui\ToGui\imgui\backends\imgui_impl_dx11.h">
      <Filter>Source Files\Module Hui\ToFui\imgui</Filter>
    </ClInclude>
    <ClInclude Include="zHui\ToGui\imgui\backends\imgui_impl_win32.h">
      <Filter>Source Files\Module Hui\ToFui\imgui</Filter>
    </ClInclude>
    <ClInclude Include="zHui\ToGui\imgui\imconfig.h">
      <Filter>Source Files\Module Hui\ToFui\imgui</Filter>
    </ClInclude>
    <ClInclude Include="zHui\ToGui\imgui\imgui_internal.h">
      <Filter>Source Files\Module Hui\ToFui\imgui</Filter>
    </ClInclude>
    <ClInclude Include="zHui\ToGui\imgui\imstb_rectpack.h">
      <Filter>Source Files\Module Hui\ToFui\imgui</Filter>
    </ClInclude>
    <ClInclude Include="zHui\ToGui\imgui\imstb_textedit.h">
      <Filter>Source Files\Module Hui\ToFui\imgui</Filter>
    </ClInclude>
    <ClInclude Include="zHui\ToGui\imgui\imstb_truetype.h">
      <Filter>Source Files\Module Hui\ToFui\imgui</Filter>
    </ClInclude>
    <ClInclude Include="Base\SSE.hpp">
      <Filter>Source Files\Base</Filter>
    </ClInclude>
    <ClInclude Include="zHui\ToGui\DirectXTK\AlignedNew.h">
      <Filter>Source Files\Module Hui\ToFui\DirectXTK</Filter>
    </ClInclude>
    <ClInclude Include="zHui\ToGui\DirectXTK\Audio.h">
      <Filter>Source Files\Module Hui\ToFui\DirectXTK</Filter>
    </ClInclude>
    <ClInclude Include="zHui\ToGui\DirectXTK\Bezier.h">
      <Filter>Source Files\Module Hui\ToFui\DirectXTK</Filter>
    </ClInclude>
    <ClInclude Include="zHui\ToGui\DirectXTK\BinaryReader.h">
      <Filter>Source Files\Module Hui\ToFui\DirectXTK</Filter>
    </ClInclude>
    <ClInclude Include="zHui\ToGui\DirectXTK\BufferHelpers.h">
      <Filter>Source Files\Module Hui\ToFui\DirectXTK</Filter>
    </ClInclude>
    <ClInclude Include="zHui\ToGui\DirectXTK\CMO.h">
      <Filter>Source Files\Module Hui\ToFui\DirectXTK</Filter>
    </ClInclude>
    <ClInclude Include="zHui\ToGui\DirectXTK\CommonStates.h">
      <Filter>Source Files\Module Hui\ToFui\DirectXTK</Filter>
    </ClInclude>
    <ClInclude Include="zHui\ToGui\DirectXTK\DDS.h">
      <Filter>Source Files\Module Hui\ToFui\DirectXTK</Filter>
    </ClInclude>
    <ClInclude Include="zHui\ToGui\DirectXTK\DDSTextureLoader.h">
      <Filter>Source Files\Module Hui\ToFui\DirectXTK</Filter>
    </ClInclude>
    <ClInclude Include="zHui\ToGui\DirectXTK\DemandCreate.h">
      <Filter>Source Files\Module Hui\ToFui\DirectXTK</Filter>
    </ClInclude>
    <ClInclude Include="zHui\ToGui\DirectXTK\DirectXHelpers.h">
      <Filter>Source Files\Module Hui\ToFui\DirectXTK</Filter>
    </ClInclude>
    <ClInclude Include="zHui\ToGui\DirectXTK\EffectCommon.h">
      <Filter>Source Files\Module Hui\ToFui\DirectXTK</Filter>
    </ClInclude>
    <ClInclude Include="zHui\ToGui\DirectXTK\Effects.h">
      <Filter>Source Files\Module Hui\ToFui\DirectXTK</Filter>
    </ClInclude>
    <ClInclude Include="zHui\ToGui\DirectXTK\GamePad.h">
      <Filter>Source Files\Module Hui\ToFui\DirectXTK</Filter>
    </ClInclude>
    <ClInclude Include="zHui\ToGui\DirectXTK\Geometry.h">
      <Filter>Source Files\Module Hui\ToFui\DirectXTK</Filter>
    </ClInclude>
    <ClInclude Include="zHui\ToGui\DirectXTK\GraphicsMemory.h">
      <Filter>Source Files\Module Hui\ToFui\DirectXTK</Filter>
    </ClInclude>
    <ClInclude Include="zHui\ToGui\DirectXTK\Keyboard.h">
      <Filter>Source Files\Module Hui\ToFui\DirectXTK</Filter>
    </ClInclude>
    <ClInclude Include="zHui\ToGui\DirectXTK\LoaderHelpers.h">
      <Filter>Source Files\Module Hui\ToFui\DirectXTK</Filter>
    </ClInclude>
    <ClInclude Include="zHui\ToGui\DirectXTK\Mouse.h">
      <Filter>Source Files\Module Hui\ToFui\DirectXTK</Filter>
    </ClInclude>
    <ClInclude Include="zHui\ToGui\DirectXTK\pch.h">
      <Filter>Source Files\Module Hui\ToFui\DirectXTK</Filter>
    </ClInclude>
    <ClInclude Include="zHui\ToGui\DirectXTK\PlatformHelpers.h">
      <Filter>Source Files\Module Hui\ToFui\DirectXTK</Filter>
    </ClInclude>
    <ClInclude Include="zHui\ToGui\DirectXTK\PostProcess.h">
      <Filter>Source Files\Module Hui\ToFui\DirectXTK</Filter>
    </ClInclude>
    <ClInclude Include="zHui\ToGui\DirectXTK\PrimitiveBatch.h">
      <Filter>Source Files\Module Hui\ToFui\DirectXTK</Filter>
    </ClInclude>
    <ClInclude Include="zHui\ToGui\DirectXTK\SDKMesh.h">
      <Filter>Source Files\Module Hui\ToFui\DirectXTK</Filter>
    </ClInclude>
    <ClInclude Include="zHui\ToGui\DirectXTK\SharedResourcePool.h">
      <Filter>Source Files\Module Hui\ToFui\DirectXTK</Filter>
    </ClInclude>
    <ClInclude Include="zHui\ToGui\DirectXTK\SimpleMath.h">
      <Filter>Source Files\Module Hui\ToFui\DirectXTK</Filter>
    </ClInclude>
    <ClInclude Include="zHui\ToGui\DirectXTK\vbo.h">
      <Filter>Source Files\Module Hui\ToFui\DirectXTK</Filter>
    </ClInclude>
    <ClInclude Include="zHui\ToGui\DirectXTK\VertexTypes.h">
      <Filter>Source Files\Module Hui\ToFui\DirectXTK</Filter>
    </ClInclude>
    <ClInclude Include="Base\g_system.h">
      <Filter>Source Files\Base</Filter>
    </ClInclude>
    <ClInclude Include="Base\g_gameFunc.h">
      <Filter>Source Files\Base</Filter>
    </ClInclude>
    <ClInclude Include="zHui\0HuiAddImGui.h">
      <Filter>Source Files\Module Hui\main</Filter>
    </ClInclude>
    <ClInclude Include="zHui\HuiCasController.h">
      <Filter>Source Files\Module Hui\main</Filter>
    </ClInclude>
    <ClInclude Include="zHui\HUiHudCommonStruct.h">
      <Filter>Source Files\Module Hui\main</Filter>
    </ClInclude>
    <ClInclude Include="zHui\HuiModConsole.h">
      <Filter>Source Files\Module Hui\main</Filter>
    </ClInclude>
    <ClInclude Include="zHui\HuiMoreCharacterModel.h">
      <Filter>Source Files\Module Hui\main</Filter>
    </ClInclude>
    <ClInclude Include="zHui\HuiObjectClass.h">
      <Filter>Source Files\Module Hui\main</Filter>
    </ClInclude>
    <ClInclude Include="zHui\ToGui\0DigitCommon.h">
      <Filter>Source Files\Module Hui\ToFui\main</Filter>
    </ClInclude>
    <ClInclude Include="zHui\ToGui\0GetDXGI.h">
      <Filter>Source Files\Module Hui\ToFui\main</Filter>
    </ClInclude>
    <ClInclude Include="zHui\ToGui\0SetImGui.h">
      <Filter>Source Files\Module Hui\ToFui\main</Filter>
    </ClInclude>
    <ClInclude Include="zHui\ToGui\0SolidColorTexture.hpp">
      <Filter>Source Files\Module Hui\ToFui\main</Filter>
    </ClInclude>
    <ClInclude Include="zHui\ToGui\1DigitRenderer.h">
      <Filter>Source Files\Module Hui\ToFui\main</Filter>
    </ClInclude>
    <ClInclude Include="zHui\ToGui\1DigitProcessor.h">
      <Filter>Source Files\Module Hui\ToFui\main</Filter>
    </ClInclude>
    <ClInclude Include="zEDF\EDFAmmoFunction.h">
      <Filter>Source Files\Module EDF\main</Filter>
    </ClInclude>
    <ClInclude Include="zEDF\EDFbaseParameterSet.h">
      <Filter>Source Files\Module EDF\main</Filter>
    </ClInclude>
    <ClInclude Include="zEDF\EDFCommonFunction.h">
      <Filter>Source Files\Module EDF\main</Filter>
    </ClInclude>
    <ClInclude Include="zEDF\EDFWeaponFunction.h">
      <Filter>Source Files\Module EDF\main</Filter>
    </ClInclude>
    <ClInclude Include="Base\base_baseObject.h">
      <Filter>Source Files\Base</Filter>
    </ClInclude>
    <ClInclude Include="zEDF\EDFSoldierClass.hpp">
      <Filter>Source Files\Module EDF\main</Filter>
    </ClInclude>
    <ClInclude Include="resource.h">
      <Filter>Header Files</Filter>
    </ClInclude>
    <ClInclude Include="zHui\ToGui\HUiHudPowerGuage.h">
      <Filter>Source Files\Module Hui\ToFui\main</Filter>
    </ClInclude>
    <ClInclude Include="zHui\ToGui\2ReadINIConfig.h">
      <Filter>Source Files\Module Hui\ToFui\main</Filter>
    </ClInclude>
    <ClInclude Include="zHui\ToGui\HUiHudWeapon.h">
      <Filter>Source Files\Module Hui\ToFui\main</Filter>
    </ClInclude>
    <ClInclude Include="zEDF\Weapon\EDFWeapon.hpp">
      <Filter>Source Files\Module EDF\Weapon</Filter>
    </ClInclude>
    <ClInclude Include="Base\base_BaseAmmo.hpp">
      <Filter>Source Files\Base</Filter>
    </ClInclude>
    <ClInclude Include="zHui\ToGui\2SubtitleRenderer.h">
      <Filter>Source Files\Module Hui\ToFui\main</Filter>
    </ClInclude>
    <ClInclude Include="zEDF\Weapon\XGS_WeaponBase.h">
      <Filter>Source Files\Module EDF\Weapon</Filter>
    </ClInclude>
    <ClInclude Include="zEDF\Weapon\XGS_Weapon_Throw.h">
      <Filter>Source Files\Module EDF\Weapon</Filter>
    </ClInclude>
  </ItemGroup>
  <ItemGroup>
    <None Include="zHui\ToGui\DirectXTK\SimpleMath.inl">
      <Filter>Source Files\Module Hui\ToFui\DirectXTK</Filter>
    </None>
    <None Include="zHui\ToGui\DirectXTK\TeapotData.inc">
      <Filter>Source Files\Module Hui\ToFui\DirectXTK</Filter>
    </None>
    <None Include="texture2.bin">
      <Filter>Resource Files</Filter>
    </None>
    <None Include="shader2.bin">
      <Filter>Resource Files</Filter>
    </None>
    <None Include="Resource\vs_digit.cso">
      <Filter>Resource Files</Filter>
    </None>
    <None Include="Resource\ps_digit.cso">
      <Filter>Resource Files</Filter>
    </None>
    <None Include="Resource\digitFixedPos_ps.cso" />
    <None Include="Resource\digitFixedPos_vs.cso" />
    <None Include="Resource\digitDynamicPos_ps.cso" />
    <None Include="shader3.bin">
      <Filter>Resource Files</Filter>
    </None>
    <None Include="Resource\digitDynamicPos_vs.cso" />
  </ItemGroup>
  <ItemGroup>
    <ResourceCompile Include="EDF5ModPlugin.rc">
      <Filter>Resource Files</Filter>
    </ResourceCompile>
  </ItemGroup>
  <ItemGroup>
    <Image Include="Resource\DamageUINumber.dds">
      <Filter>Resource Files</Filter>
    </Image>
  </ItemGroup>
</Project>