<?xml version="1.0" encoding="utf-8"?>
<Project ToolsVersion="4.0" xmlns="http://schemas.microsoft.com/developer/msbuild/2003">
  <ItemGroup>
    <Filter Include="Source Files">
      <UniqueIdentifier>{4FC737F1-C7A5-4376-A066-2A32D752A2FF}</UniqueIdentifier>
      <Extensions>cpp;c;cc;cxx;def;odl;idl;hpj;bat;asm;asmx</Extensions>
    </Filter>
    <Filter Include="Header Files">
      <UniqueIdentifier>{93995380-89BD-4b04-88EB-625FBE52EBFB}</UniqueIdentifier>
      <Extensions>h;hh;hpp;hxx;hm;inl;inc;ipp;xsd</Extensions>
    </Filter>
    <Filter Include="Resource Files">
      <UniqueIdentifier>{67DA6AB6-F800-4c08-8B7A-83BB121AAD01}</UniqueIdentifier>
      <Extensions>rc;ico;cur;bmp;dlg;rc2;rct;bin;rgs;gif;jpg;jpeg;jpe;resx;tiff;tif;png;wav;mfcribbon-ms</Extensions>
    </Filter>
    <Filter Include="Assembly Files">
      <UniqueIdentifier>{373b4125-dde7-4231-a08c-38a586dadab7}</UniqueIdentifier>
    </Filter>
    <Filter Include="Source Files\Module Hui">
      <UniqueIdentifier>{6d3fed81-f550-4a57-8ef9-cb382950770e}</UniqueIdentifier>
    </Filter>
    <Filter Include="Source Files\Module EDF">
      <UniqueIdentifier>{8b4732d8-02c6-4566-991b-71828a61863d}</UniqueIdentifier>
    </Filter>
  </ItemGroup>
  <ItemGroup>
    <ClCompile Include="dllmain.cpp">
      <Filter>Source Files</Filter>
    </ClCompile>
    <ClCompile Include="..\HookLib\HookLib\HookLib\HookLib.c">
      <Filter>Source Files</Filter>
    </ClCompile>
    <ClCompile Include="proxy.c">
      <Filter>Source Files</Filter>
    </ClCompile>
    <ClCompile Include="utiliy.cpp">
      <Filter>Source Files</Filter>
    </ClCompile>
    <ClCompile Include="GameFuncSetup.cpp">
      <Filter>Source Files</Filter>
    </ClCompile>
    <ClCompile Include="GameFunc.cpp">
      <Filter>Source Files</Filter>
    </ClCompile>
    <ClCompile Include="GFnDisplay.cpp">
      <Filter>Source Files</Filter>
    </ClCompile>
    <ClCompile Include="GameFunc_vftable.cpp">
      <Filter>Source Files</Filter>
    </ClCompile>
    <ClCompile Include="GameFuncStartup.cpp">
      <Filter>Source Files</Filter>
    </ClCompile>
    <ClCompile Include="zHui\HuiMoreCharacterModel.cpp">
      <Filter>Source Files\Module Hui</Filter>
    </ClCompile>
    <ClCompile Include="GameFunc_Mission.cpp">
      <Filter>Source Files</Filter>
    </ClCompile>
    <ClCompile Include="zHui\HuiDisplaySubtitle.cpp">
      <Filter>Source Files\Module Hui</Filter>
    </ClCompile>
    <ClCompile Include="zEDF\EDFbaseParameterSet.cpp">
      <Filter>Source Files\Module EDF</Filter>
    </ClCompile>
    <ClCompile Include="zEDF\EDFCommonFunction.cpp">
      <Filter>Source Files\Module EDF</Filter>
    </ClCompile>
    <ClCompile Include="zHui\HuiCasController.cpp">
      <Filter>Source Files\Module Hui</Filter>
    </ClCompile>
  </ItemGroup>
  <ItemGroup>
    <MASM Include="ASMxgsOCgiantAnt.asm">
      <Filter>Assembly Files</Filter>
    </MASM>
    <MASM Include="ASMgamelog_hook.asm">
      <Filter>Assembly Files</Filter>
    </MASM>
    <MASM Include="ASMweaponOtherSet.asm">
      <Filter>Assembly Files</Filter>
    </MASM>
    <MASM Include="ASMCallGameFunction.asm">
      <Filter>Assembly Files</Filter>
    </MASM>
    <MASM Include="ASMplayerViewChange.asm">
      <Filter>Assembly Files</Filter>
    </MASM>
    <MASM Include="ASMedfWeaponSet.asm">
      <Filter>Assembly Files</Filter>
    </MASM>
    <MASM Include="ASMxgsOCmonster501.asm">
      <Filter>Assembly Files</Filter>
    </MASM>
    <MASM Include="ASMhookTextDisplay.asm">
      <Filter>Assembly Files</Filter>
    </MASM>
    <MASM Include="ASMhookGameSystem.asm">
      <Filter>Assembly Files</Filter>
    </MASM>
    <MASM Include="ASMxgsWGatling.asm">
      <Filter>Assembly Files</Filter>
    </MASM>
    <MASM Include="ASMxgsOCgiantSpider.asm">
      <Filter>Assembly Files</Filter>
    </MASM>
    <MASM Include="ASMxgsOCgiantBee.asm">
      <Filter>Assembly Files</Filter>
    </MASM>
    <MASM Include="ASMammoSolidExpBullet01.asm">
      <Filter>Assembly Files</Filter>
    </MASM>
    <MASM Include="ASMxgsOCdragonSmall.asm">
      <Filter>Assembly Files</Filter>
    </MASM>
    <MASM Include="ASMammoSolidBullet01.asm">
      <Filter>Assembly Files</Filter>
    </MASM>
    <MASM Include="ASMammoLaserBullet02.asm">
      <Filter>Assembly Files</Filter>
    </MASM>
    <MASM Include="ASMammoLaserBullet01.asm">
      <Filter>Assembly Files</Filter>
    </MASM>
    <MASM Include="ASMammoInsectBullet.asm">
      <Filter>Assembly Files</Filter>
    </MASM>
    <MASM Include="ASMammoMissileBullet01.asm">
      <Filter>Assembly Files</Filter>
    </MASM>
    <MASM Include="ASMxgsOCvehicle501FortressRobo.asm">
      <Filter>Assembly Files</Filter>
    </MASM>
    <MASM Include="ASMammoRocketBullet01.asm">
      <Filter>Assembly Files</Filter>
    </MASM>
    <MASM Include="ASMammoSolidPelletBullet01.asm">
      <Filter>Assembly Files</Filter>
    </MASM>
    <MASM Include="ASMxgsWHeavyShoot.asm">
      <Filter>Assembly Files</Filter>
    </MASM>
    <MASM Include="ASMvftShotIndicator.asm">
      <Filter>Assembly Files</Filter>
    </MASM>
    <MASM Include="ASMgameStartup.asm">
      <Filter>Assembly Files</Filter>
    </MASM>
    <MASM Include="ASMammoSentryGunBullet01.asm">
      <Filter>Assembly Files</Filter>
    </MASM>
    <MASM Include="ASMammoSmokeCandleBullet01.asm">
      <Filter>Assembly Files</Filter>
    </MASM>
    <MASM Include="zHui\ASMHuiMoreCharacterModel.asm">
      <Filter>Source Files\Module Hui</Filter>
    </MASM>
    <MASM Include="ASMhookMissionSeries.asm">
      <Filter>Assembly Files</Filter>
    </MASM>
    <MASM Include="zHui\ASMHuiDisplaySubtitle.asm">
      <Filter>Source Files\Module Hui</Filter>
    </MASM>
    <MASM Include="zEDF\ASMxgsArmySoldier.asm">
      <Filter>Source Files\Module EDF</Filter>
    </MASM>
    <MASM Include="zEDF\ASMxgsHeavyArmor.asm">
      <Filter>Source Files\Module EDF</Filter>
    </MASM>
    <MASM Include="zEDF\ASMxgsPaleWing.asm">
      <Filter>Source Files\Module EDF</Filter>
    </MASM>
    <MASM Include="zEDF\ASMEDFCommonFunction.asm">
      <Filter>Source Files\Module EDF</Filter>
    </MASM>
  </ItemGroup>
  <ItemGroup>
    <ClInclude Include="PluginAPI.h">
      <Filter>Header Files</Filter>
    </ClInclude>
    <ClInclude Include="LoggerTweaks.h">
      <Filter>Header Files</Filter>
    </ClInclude>
    <ClInclude Include="CommonData.h">
      <Filter>Header Files</Filter>
    </ClInclude>
    <ClInclude Include="utiliy.h">
      <Filter>Source Files</Filter>
    </ClInclude>
    <ClInclude Include="proxy.h">
      <Filter>Source Files</Filter>
    </ClInclude>
    <ClInclude Include="..\HookLib\HookLib\HookLib\HookLib.h">
      <Filter>Source Files</Filter>
    </ClInclude>
    <ClInclude Include="GFnDisplay.h">
      <Filter>Source Files</Filter>
    </ClInclude>
    <ClInclude Include="GameFuncSetup.h">
      <Filter>Source Files</Filter>
    </ClInclude>
    <ClInclude Include="GameFunc.h">
      <Filter>Source Files</Filter>
    </ClInclude>
    <ClInclude Include="EDFPointerStruct.hpp">
      <Filter>Header Files</Filter>
    </ClInclude>
    <ClInclude Include="commonNOP.h">
      <Filter>Header Files</Filter>
    </ClInclude>
    <ClInclude Include="GameFunc_vftable.h">
      <Filter>Source Files</Filter>
    </ClInclude>
    <ClInclude Include="GameFunctionInASM.h">
      <Filter>Header Files</Filter>
    </ClInclude>
    <ClInclude Include="Resource\snd_ShotIndicatorCircle.h">
      <Filter>Resource Files</Filter>
    </ClInclude>
    <ClInclude Include="Resource\LoadShaders.hpp">
      <Filter>Resource Files</Filter>
    </ClInclude>
    <ClInclude Include="GameFuncStartup.h">
      <Filter>Source Files</Filter>
    </ClInclude>
    <ClInclude Include="LoadModule.hpp">
      <Filter>Source Files</Filter>
    </ClInclude>
    <ClInclude Include="zHui\HuiMoreCharacterModel.h">
      <Filter>Source Files\Module Hui</Filter>
    </ClInclude>
    <ClInclude Include="CommonCustomStructure.hpp">
      <Filter>Header Files</Filter>
    </ClInclude>
    <ClInclude Include="GameFunc_Mission.h">
      <Filter>Source Files</Filter>
    </ClInclude>
    <ClInclude Include="zHui\HuiDisplaySubtitle.h">
      <Filter>Source Files\Module Hui</Filter>
    </ClInclude>
    <ClInclude Include="zEDF\EDFbaseParameterSet.h">
      <Filter>Source Files\Module EDF</Filter>
    </ClInclude>
    <ClInclude Include="zEDF\EDFCommonFunction.h">
      <Filter>Source Files\Module EDF</Filter>
    </ClInclude>
    <ClInclude Include="zHui\HuiCasController.h">
      <Filter>Source Files\Module Hui</Filter>
    </ClInclude>
  </ItemGroup>
</Project>